
Microsoft Visual Studio Solution File, Format Version 12.00
# Visual Studio 2013
VisualStudioVersion = 12.0.31101.0
MinimumVisualStudioVersion = 10.0.40219.1
Project("{FAE04EC0-301F-11D3-BF4B-00C04F79EFBC}") = "435_Symbols", "435_Symbols\435_Symbols.csproj", "{17E30DA7-909E-401A-8573-011BAF11244B}"
EndProject
Project("{FAE04EC0-301F-11D3-BF4B-00C04F79EFBC}") = "437_BinaryWriter", "437_BinaryWriter\437_BinaryWriter.csproj", "{F4397D75-6F80-4DF5-9BC4-118512FED6A0}"
EndProject
Project("{FAE04EC0-301F-11D3-BF4B-00C04F79EFBC}") = "439_Compare", "439_Compare\439_Compare.csproj", "{4429EA13-821D-43FC-9A10-4946677123C1}"
EndProject
Project("{FAE04EC0-301F-11D3-BF4B-00C04F79EFBC}") = "24_SerializeDesk", "..\24_SerializeDesk\24_SerializeDesk\24_SerializeDesk.csproj", "{C76372AE-3CE5-4EE3-9B6D-CFDBEFCB3AA9}"
EndProject
Project("{FAE04EC0-301F-11D3-BF4B-00C04F79EFBC}") = "443_HEXeditor", "443_HEXeditor\443_HEXeditor.csproj", "{450620EA-98F2-42F8-8C1D-CC60E57FEB44}"
EndProject
Project("{FAE04EC0-301F-11D3-BF4B-00C04F79EFBC}") = "23_Brian", "..\23_Brian\23_Brian\23_Brian\23_Brian.csproj", "{15722CC9-3705-4D79-9FF0-BD276A9D9534}"
EndProject
Project("{FAE04EC0-301F-11D3-BF4B-00C04F79EFBC}") = "473_Basssein", "473_Basssein\473_Basssein.csproj", "{A8469FB2-FFD6-4278-9F05-BD29D20602FD}"
EndProject
Project("{FAE04EC0-301F-11D3-BF4B-00C04F79EFBC}") = "479_Holod_Except", "479_Holod_Except\479_Holod_Except.csproj", "{1E3392CE-5A6B-44D1-9AEF-F7D26C5973B5}"
EndProject
Project("{2150E333-8FDC-42A3-9474-1A3956D46DE8}") = "PART_10", "PART_10", "{A136F785-5C07-41E0-8929-453BFB4037D7}"
EndProject
Project("{2150E333-8FDC-42A3-9474-1A3956D46DE8}") = "PART_11", "PART_11", "{451984B4-4F08-4102-997B-8B7FA4111BD6}"
EndProject
Project("{FAE04EC0-301F-11D3-BF4B-00C04F79EFBC}") = "500_BallEvent", "PART_11\500_BallEvent\500_BallEvent.csproj", "{8D13309F-5784-4842-82AE-81F7ED497D4D}"
EndProject
Project("{FAE04EC0-301F-11D3-BF4B-00C04F79EFBC}") = "507_FormEvents", "PART_11\507_FormEvents\507_FormEvents.csproj", "{9418DFC9-B499-48F7-ACFF-90C66C21098D}"
EndProject
Project("{FAE04EC0-301F-11D3-BF4B-00C04F79EFBC}") = "511_delegateTry", "PART_11\511_delegateTry\511_delegateTry.csproj", "{C87B72C0-71E7-4824-85B4-39D39B634EA9}"
EndProject
Project("{FAE04EC0-301F-11D3-BF4B-00C04F79EFBC}") = "512_DelegateCuisine", "PART_11\512_DelegateCuisine\512_DelegateCuisine.csproj", "{A5294B0D-131A-4CDD-B4CB-CEAE8E976C05}"
EndProject
Project("{FAE04EC0-301F-11D3-BF4B-00C04F79EFBC}") = "514_Rebus", "PART_11\514_Rebus\514_Rebus.csproj", "{26275579-C343-4B91-BF36-E282F3AD376A}"
EndProject
Project("{FAE04EC0-301F-11D3-BF4B-00C04F79EFBC}") = "522_Mole", "PART_11\522_Mole\522_Mole.csproj", "{C017A776-0D58-49B5-A1D5-F19003CCC565}"
EndProject
Project("{2150E333-8FDC-42A3-9474-1A3956D46DE8}") = "PART_12", "PART_12", "{1D3260C2-DA60-4E3E-BC77-3ADF48B24DCF}"
EndProject
Project("{FAE04EC0-301F-11D3-BF4B-00C04F79EFBC}") = "BEE_HIVE", "PART_12\BEE_HIVE\BEE_HIVE.csproj", "{FC982E09-2FC6-401E-A2DF-FE74117F2F77}"
EndProject
Project("{FAE04EC0-301F-11D3-BF4B-00C04F79EFBC}") = "584_BeeControl", "PART_13\584_BeeControl\584_BeeControl.csproj", "{7699A0C7-5318-49EF-82DD-3633D476171C}"
EndProject
Project("{2150E333-8FDC-42A3-9474-1A3956D46DE8}") = "PART_13", "PART_13", "{C01468C5-B950-4933-ACF1-F0A0781E579A}"
EndProject
Project("{FAE04EC0-301F-11D3-BF4B-00C04F79EFBC}") = "588_BeeUserControl", "588_BeeUserControl\588_BeeUserControl.csproj", "{74502295-9FFE-420D-A059-057FDDCB1D5A}"
EndProject
Global
	GlobalSection(SolutionConfigurationPlatforms) = preSolution
		Debug|Any CPU = Debug|Any CPU
		Release|Any CPU = Release|Any CPU
	EndGlobalSection
	GlobalSection(ProjectConfigurationPlatforms) = postSolution
		{17E30DA7-909E-401A-8573-011BAF11244B}.Debug|Any CPU.ActiveCfg = Debug|Any CPU
		{17E30DA7-909E-401A-8573-011BAF11244B}.Debug|Any CPU.Build.0 = Debug|Any CPU
		{17E30DA7-909E-401A-8573-011BAF11244B}.Release|Any CPU.ActiveCfg = Release|Any CPU
		{17E30DA7-909E-401A-8573-011BAF11244B}.Release|Any CPU.Build.0 = Release|Any CPU
		{F4397D75-6F80-4DF5-9BC4-118512FED6A0}.Debug|Any CPU.ActiveCfg = Debug|Any CPU
		{F4397D75-6F80-4DF5-9BC4-118512FED6A0}.Debug|Any CPU.Build.0 = Debug|Any CPU
		{F4397D75-6F80-4DF5-9BC4-118512FED6A0}.Release|Any CPU.ActiveCfg = Release|Any CPU
		{F4397D75-6F80-4DF5-9BC4-118512FED6A0}.Release|Any CPU.Build.0 = Release|Any CPU
		{4429EA13-821D-43FC-9A10-4946677123C1}.Debug|Any CPU.ActiveCfg = Debug|Any CPU
		{4429EA13-821D-43FC-9A10-4946677123C1}.Debug|Any CPU.Build.0 = Debug|Any CPU
		{4429EA13-821D-43FC-9A10-4946677123C1}.Release|Any CPU.ActiveCfg = Release|Any CPU
		{4429EA13-821D-43FC-9A10-4946677123C1}.Release|Any CPU.Build.0 = Release|Any CPU
		{C76372AE-3CE5-4EE3-9B6D-CFDBEFCB3AA9}.Debug|Any CPU.ActiveCfg = Debug|Any CPU
		{C76372AE-3CE5-4EE3-9B6D-CFDBEFCB3AA9}.Debug|Any CPU.Build.0 = Debug|Any CPU
		{C76372AE-3CE5-4EE3-9B6D-CFDBEFCB3AA9}.Release|Any CPU.ActiveCfg = Release|Any CPU
		{C76372AE-3CE5-4EE3-9B6D-CFDBEFCB3AA9}.Release|Any CPU.Build.0 = Release|Any CPU
		{450620EA-98F2-42F8-8C1D-CC60E57FEB44}.Debug|Any CPU.ActiveCfg = Debug|Any CPU
		{450620EA-98F2-42F8-8C1D-CC60E57FEB44}.Debug|Any CPU.Build.0 = Debug|Any CPU
		{450620EA-98F2-42F8-8C1D-CC60E57FEB44}.Release|Any CPU.ActiveCfg = Release|Any CPU
		{450620EA-98F2-42F8-8C1D-CC60E57FEB44}.Release|Any CPU.Build.0 = Release|Any CPU
		{15722CC9-3705-4D79-9FF0-BD276A9D9534}.Debug|Any CPU.ActiveCfg = Debug|Any CPU
		{15722CC9-3705-4D79-9FF0-BD276A9D9534}.Debug|Any CPU.Build.0 = Debug|Any CPU
		{15722CC9-3705-4D79-9FF0-BD276A9D9534}.Release|Any CPU.ActiveCfg = Release|Any CPU
		{15722CC9-3705-4D79-9FF0-BD276A9D9534}.Release|Any CPU.Build.0 = Release|Any CPU
		{A8469FB2-FFD6-4278-9F05-BD29D20602FD}.Debug|Any CPU.ActiveCfg = Debug|Any CPU
		{A8469FB2-FFD6-4278-9F05-BD29D20602FD}.Debug|Any CPU.Build.0 = Debug|Any CPU
		{A8469FB2-FFD6-4278-9F05-BD29D20602FD}.Release|Any CPU.ActiveCfg = Release|Any CPU
		{A8469FB2-FFD6-4278-9F05-BD29D20602FD}.Release|Any CPU.Build.0 = Release|Any CPU
		{1E3392CE-5A6B-44D1-9AEF-F7D26C5973B5}.Debug|Any CPU.ActiveCfg = Debug|Any CPU
		{1E3392CE-5A6B-44D1-9AEF-F7D26C5973B5}.Debug|Any CPU.Build.0 = Debug|Any CPU
		{1E3392CE-5A6B-44D1-9AEF-F7D26C5973B5}.Release|Any CPU.ActiveCfg = Release|Any CPU
		{1E3392CE-5A6B-44D1-9AEF-F7D26C5973B5}.Release|Any CPU.Build.0 = Release|Any CPU
		{8D13309F-5784-4842-82AE-81F7ED497D4D}.Debug|Any CPU.ActiveCfg = Debug|Any CPU
		{8D13309F-5784-4842-82AE-81F7ED497D4D}.Debug|Any CPU.Build.0 = Debug|Any CPU
		{8D13309F-5784-4842-82AE-81F7ED497D4D}.Release|Any CPU.ActiveCfg = Release|Any CPU
		{8D13309F-5784-4842-82AE-81F7ED497D4D}.Release|Any CPU.Build.0 = Release|Any CPU
		{9418DFC9-B499-48F7-ACFF-90C66C21098D}.Debug|Any CPU.ActiveCfg = Debug|Any CPU
		{9418DFC9-B499-48F7-ACFF-90C66C21098D}.Debug|Any CPU.Build.0 = Debug|Any CPU
		{9418DFC9-B499-48F7-ACFF-90C66C21098D}.Release|Any CPU.ActiveCfg = Release|Any CPU
		{9418DFC9-B499-48F7-ACFF-90C66C21098D}.Release|Any CPU.Build.0 = Release|Any CPU
		{C87B72C0-71E7-4824-85B4-39D39B634EA9}.Debug|Any CPU.ActiveCfg = Debug|Any CPU
		{C87B72C0-71E7-4824-85B4-39D39B634EA9}.Debug|Any CPU.Build.0 = Debug|Any CPU
		{C87B72C0-71E7-4824-85B4-39D39B634EA9}.Release|Any CPU.ActiveCfg = Release|Any CPU
		{C87B72C0-71E7-4824-85B4-39D39B634EA9}.Release|Any CPU.Build.0 = Release|Any CPU
		{A5294B0D-131A-4CDD-B4CB-CEAE8E976C05}.Debug|Any CPU.ActiveCfg = Debug|Any CPU
		{A5294B0D-131A-4CDD-B4CB-CEAE8E976C05}.Debug|Any CPU.Build.0 = Debug|Any CPU
		{A5294B0D-131A-4CDD-B4CB-CEAE8E976C05}.Release|Any CPU.ActiveCfg = Release|Any CPU
		{A5294B0D-131A-4CDD-B4CB-CEAE8E976C05}.Release|Any CPU.Build.0 = Release|Any CPU
		{26275579-C343-4B91-BF36-E282F3AD376A}.Debug|Any CPU.ActiveCfg = Debug|Any CPU
		{26275579-C343-4B91-BF36-E282F3AD376A}.Debug|Any CPU.Build.0 = Debug|Any CPU
		{26275579-C343-4B91-BF36-E282F3AD376A}.Release|Any CPU.ActiveCfg = Release|Any CPU
		{26275579-C343-4B91-BF36-E282F3AD376A}.Release|Any CPU.Build.0 = Release|Any CPU
		{C017A776-0D58-49B5-A1D5-F19003CCC565}.Debug|Any CPU.ActiveCfg = Debug|Any CPU
		{C017A776-0D58-49B5-A1D5-F19003CCC565}.Debug|Any CPU.Build.0 = Debug|Any CPU
		{C017A776-0D58-49B5-A1D5-F19003CCC565}.Release|Any CPU.ActiveCfg = Release|Any CPU
		{C017A776-0D58-49B5-A1D5-F19003CCC565}.Release|Any CPU.Build.0 = Release|Any CPU
		{FC982E09-2FC6-401E-A2DF-FE74117F2F77}.Debug|Any CPU.ActiveCfg = Debug|Any CPU
		{FC982E09-2FC6-401E-A2DF-FE74117F2F77}.Debug|Any CPU.Build.0 = Debug|Any CPU
		{FC982E09-2FC6-401E-A2DF-FE74117F2F77}.Release|Any CPU.ActiveCfg = Release|Any CPU
		{FC982E09-2FC6-401E-A2DF-FE74117F2F77}.Release|Any CPU.Build.0 = Release|Any CPU
		{7699A0C7-5318-49EF-82DD-3633D476171C}.Debug|Any CPU.ActiveCfg = Debug|Any CPU
		{7699A0C7-5318-49EF-82DD-3633D476171C}.Debug|Any CPU.Build.0 = Debug|Any CPU
		{7699A0C7-5318-49EF-82DD-3633D476171C}.Release|Any CPU.ActiveCfg = Release|Any CPU
		{7699A0C7-5318-49EF-82DD-3633D476171C}.Release|Any CPU.Build.0 = Release|Any CPU
		{74502295-9FFE-420D-A059-057FDDCB1D5A}.Debug|Any CPU.ActiveCfg = Debug|Any CPU
		{74502295-9FFE-420D-A059-057FDDCB1D5A}.Debug|Any CPU.Build.0 = Debug|Any CPU
		{74502295-9FFE-420D-A059-057FDDCB1D5A}.Release|Any CPU.ActiveCfg = Release|Any CPU
		{74502295-9FFE-420D-A059-057FDDCB1D5A}.Release|Any CPU.Build.0 = Release|Any CPU
	EndGlobalSection
	GlobalSection(SolutionProperties) = preSolution
		HideSolutionNode = FALSE
	EndGlobalSection
	GlobalSection(NestedProjects) = preSolution
		{17E30DA7-909E-401A-8573-011BAF11244B} = {A136F785-5C07-41E0-8929-453BFB4037D7}
		{F4397D75-6F80-4DF5-9BC4-118512FED6A0} = {A136F785-5C07-41E0-8929-453BFB4037D7}
		{4429EA13-821D-43FC-9A10-4946677123C1} = {A136F785-5C07-41E0-8929-453BFB4037D7}
		{C76372AE-3CE5-4EE3-9B6D-CFDBEFCB3AA9} = {A136F785-5C07-41E0-8929-453BFB4037D7}
		{450620EA-98F2-42F8-8C1D-CC60E57FEB44} = {A136F785-5C07-41E0-8929-453BFB4037D7}
		{15722CC9-3705-4D79-9FF0-BD276A9D9534} = {A136F785-5C07-41E0-8929-453BFB4037D7}
		{A8469FB2-FFD6-4278-9F05-BD29D20602FD} = {A136F785-5C07-41E0-8929-453BFB4037D7}
		{1E3392CE-5A6B-44D1-9AEF-F7D26C5973B5} = {A136F785-5C07-41E0-8929-453BFB4037D7}
		{8D13309F-5784-4842-82AE-81F7ED497D4D} = {451984B4-4F08-4102-997B-8B7FA4111BD6}
		{9418DFC9-B499-48F7-ACFF-90C66C21098D} = {451984B4-4F08-4102-997B-8B7FA4111BD6}
		{C87B72C0-71E7-4824-85B4-39D39B634EA9} = {451984B4-4F08-4102-997B-8B7FA4111BD6}
		{A5294B0D-131A-4CDD-B4CB-CEAE8E976C05} = {451984B4-4F08-4102-997B-8B7FA4111BD6}
		{26275579-C343-4B91-BF36-E282F3AD376A} = {451984B4-4F08-4102-997B-8B7FA4111BD6}
		{C017A776-0D58-49B5-A1D5-F19003CCC565} = {451984B4-4F08-4102-997B-8B7FA4111BD6}
		{FC982E09-2FC6-401E-A2DF-FE74117F2F77} = {1D3260C2-DA60-4E3E-BC77-3ADF48B24DCF}
		{7699A0C7-5318-49EF-82DD-3633D476171C} = {C01468C5-B950-4933-ACF1-F0A0781E579A}
		{74502295-9FFE-420D-A059-057FDDCB1D5A} = {C01468C5-B950-4933-ACF1-F0A0781E579A}
	EndGlobalSection
EndGlobal
